
Microsoft Visual Studio Solution File, Format Version 12.00
# Visual Studio Version 17
VisualStudioVersion = 17.11.35327.3
MinimumVisualStudioVersion = 10.0.40219.1
Project("{FAE04EC0-301F-11D3-BF4B-00C04F79EFBC}") = "Organization", "Organization\Organization.csproj", "{3708E60A-C58F-4F6E-AC3B-75E6A0C209E6}"
EndProject
Global
	GlobalSection(SolutionConfigurationPlatforms) = preSolution
		Debug|Any CPU = Debug|Any CPU
		Release|Any CPU = Release|Any CPU
	EndGlobalSection
	GlobalSection(ProjectConfigurationPlatforms) = postSolution
		{3708E60A-C58F-4F6E-AC3B-75E6A0C209E6}.Debug|Any CPU.ActiveCfg = Debug|Any CPU
		{3708E60A-C58F-4F6E-AC3B-75E6A0C209E6}.Debug|Any CPU.Build.0 = Debug|Any CPU
		{3708E60A-C58F-4F6E-AC3B-75E6A0C209E6}.Release|Any CPU.ActiveCfg = Release|Any CPU
		{3708E60A-C58F-4F6E-AC3B-75E6A0C209E6}.Release|Any CPU.Build.0 = Release|Any CPU
	EndGlobalSection
	GlobalSection(SolutionProperties) = preSolution
		HideSolutionNode = FALSE
	EndGlobalSection
	GlobalSection(ExtensibilityGlobals) = postSolution
		SolutionGuid = {E0BE5AC7-AE1F-4853-B3FB-A344B048D6D7}
	EndGlobalSection
EndGlobal
